
Microsoft Visual Studio Solution File, Format Version 12.00
# Visual Studio Version 17
VisualStudioVersion = 17.1.32210.238
MinimumVisualStudioVersion = 10.0.40219.1
Project("{9A19103F-16F7-4668-BE54-9A1E7A4F7556}") = "ALY_Button_Style", "ALY_Button_Style\ALY_Button_Style\ALY_Button_Style.csproj", "{7256AFD6-B035-4FCC-BA67-92C2DC6550D8}"
EndProject
Project("{9A19103F-16F7-4668-BE54-9A1E7A4F7556}") = "ALY_Button_Style.Browser", "ALY_Button_Style\ALY_Button_Style.Browser\ALY_Button_Style.Browser.csproj", "{F5DFB848-9B9A-409C-9E24-D637FE92FBBA}"
EndProject
Project("{9A19103F-16F7-4668-BE54-9A1E7A4F7556}") = "ALY_Button_Style.Simulator", "ALY_Button_Style\ALY_Button_Style.Simulator\ALY_Button_Style.Simulator.csproj", "{CCD617DF-B01C-49EF-88FE-2E4010626020}"
EndProject
Project("{FAE04EC0-301F-11D3-BF4B-00C04F79EFBC}") = "BlazorApp1", "BlazorApp1\BlazorApp1.csproj", "{0CD13C19-A7D0-41AB-8116-82ECE2149246}"
EndProject
Project("{9A19103F-16F7-4668-BE54-9A1E7A4F7556}") = "Annotation.OpenSilver", "ALY_Button_Style\Annotation\Annotation.OpenSilver.csproj", "{D92BB2E8-3BE6-4123-A983-8234547FD14A}"
EndProject
Project("{9A19103F-16F7-4668-BE54-9A1E7A4F7556}") = "FileDialogs.OpenSilver", "ALY_Button_Style\FileDialogs.OpenSilver\FileDialogs.OpenSilver.csproj", "{F415FA51-47A5-4471-BC6D-36F6EDC53E59}"
EndProject
Global
	GlobalSection(SolutionConfigurationPlatforms) = preSolution
		Debug|Any CPU = Debug|Any CPU
		Release|Any CPU = Release|Any CPU
	EndGlobalSection
	GlobalSection(ProjectConfigurationPlatforms) = postSolution
		{7256AFD6-B035-4FCC-BA67-92C2DC6550D8}.Debug|Any CPU.ActiveCfg = Debug|Any CPU
		{7256AFD6-B035-4FCC-BA67-92C2DC6550D8}.Debug|Any CPU.Build.0 = Debug|Any CPU
		{7256AFD6-B035-4FCC-BA67-92C2DC6550D8}.Release|Any CPU.ActiveCfg = Release|Any CPU
		{7256AFD6-B035-4FCC-BA67-92C2DC6550D8}.Release|Any CPU.Build.0 = Release|Any CPU
		{F5DFB848-9B9A-409C-9E24-D637FE92FBBA}.Debug|Any CPU.ActiveCfg = Debug|Any CPU
		{F5DFB848-9B9A-409C-9E24-D637FE92FBBA}.Debug|Any CPU.Build.0 = Debug|Any CPU
		{F5DFB848-9B9A-409C-9E24-D637FE92FBBA}.Release|Any CPU.ActiveCfg = Release|Any CPU
		{F5DFB848-9B9A-409C-9E24-D637FE92FBBA}.Release|Any CPU.Build.0 = Release|Any CPU
		{CCD617DF-B01C-49EF-88FE-2E4010626020}.Debug|Any CPU.ActiveCfg = Debug|Any CPU
		{CCD617DF-B01C-49EF-88FE-2E4010626020}.Debug|Any CPU.Build.0 = Debug|Any CPU
		{CCD617DF-B01C-49EF-88FE-2E4010626020}.Release|Any CPU.ActiveCfg = Release|Any CPU
		{CCD617DF-B01C-49EF-88FE-2E4010626020}.Release|Any CPU.Build.0 = Release|Any CPU
		{0CD13C19-A7D0-41AB-8116-82ECE2149246}.Debug|Any CPU.ActiveCfg = Debug|Any CPU
		{0CD13C19-A7D0-41AB-8116-82ECE2149246}.Debug|Any CPU.Build.0 = Debug|Any CPU
		{0CD13C19-A7D0-41AB-8116-82ECE2149246}.Release|Any CPU.ActiveCfg = Release|Any CPU
		{0CD13C19-A7D0-41AB-8116-82ECE2149246}.Release|Any CPU.Build.0 = Release|Any CPU
		{D92BB2E8-3BE6-4123-A983-8234547FD14A}.Debug|Any CPU.ActiveCfg = Debug|Any CPU
		{D92BB2E8-3BE6-4123-A983-8234547FD14A}.Debug|Any CPU.Build.0 = Debug|Any CPU
		{D92BB2E8-3BE6-4123-A983-8234547FD14A}.Release|Any CPU.ActiveCfg = Release|Any CPU
		{D92BB2E8-3BE6-4123-A983-8234547FD14A}.Release|Any CPU.Build.0 = Release|Any CPU
		{F415FA51-47A5-4471-BC6D-36F6EDC53E59}.Debug|Any CPU.ActiveCfg = Debug|Any CPU
		{F415FA51-47A5-4471-BC6D-36F6EDC53E59}.Debug|Any CPU.Build.0 = Debug|Any CPU
		{F415FA51-47A5-4471-BC6D-36F6EDC53E59}.Release|Any CPU.ActiveCfg = Release|Any CPU
		{F415FA51-47A5-4471-BC6D-36F6EDC53E59}.Release|Any CPU.Build.0 = Release|Any CPU
	EndGlobalSection
	GlobalSection(SolutionProperties) = preSolution
		HideSolutionNode = FALSE
	EndGlobalSection
	GlobalSection(ExtensibilityGlobals) = postSolution
		SolutionGuid = {E60E9E9F-6989-4CF8-BBD9-8DA7AF07DD5E}
	EndGlobalSection
EndGlobal
